
Microsoft Visual Studio Solution File, Format Version 12.00
# Visual Studio 2013
VisualStudioVersion = 12.0.0.0
MinimumVisualStudioVersion = 10.0.0.1
Project("{FAE04EC0-301F-11D3-BF4B-00C04F79EFBC}") = "StoragePoint.Domain", "StoragePoint.Domain\StoragePoint.Domain.csproj", "{7B24F400-6D9F-4ACD-BF30-B52A9CC3CE3A}"
EndProject
Project("{FAE04EC0-301F-11D3-BF4B-00C04F79EFBC}") = "StoragePoint.Tests", "StoragePoint.Tests\StoragePoint.Tests.csproj", "{CBAAC364-5DDD-40CA-ACED-9260E6EDAAC0}"
EndProject
Global
	GlobalSection(SolutionConfigurationPlatforms) = preSolution
		Debug|Any CPU = Debug|Any CPU
		Release|Any CPU = Release|Any CPU
	EndGlobalSection
	GlobalSection(ProjectConfigurationPlatforms) = postSolution
		{7B24F400-6D9F-4ACD-BF30-B52A9CC3CE3A}.Debug|Any CPU.ActiveCfg = Debug|Any CPU
		{7B24F400-6D9F-4ACD-BF30-B52A9CC3CE3A}.Debug|Any CPU.Build.0 = Debug|Any CPU
		{7B24F400-6D9F-4ACD-BF30-B52A9CC3CE3A}.Release|Any CPU.ActiveCfg = Release|Any CPU
		{7B24F400-6D9F-4ACD-BF30-B52A9CC3CE3A}.Release|Any CPU.Build.0 = Release|Any CPU
		{CBAAC364-5DDD-40CA-ACED-9260E6EDAAC0}.Debug|Any CPU.ActiveCfg = Debug|Any CPU
		{CBAAC364-5DDD-40CA-ACED-9260E6EDAAC0}.Debug|Any CPU.Build.0 = Debug|Any CPU
		{CBAAC364-5DDD-40CA-ACED-9260E6EDAAC0}.Release|Any CPU.ActiveCfg = Release|Any CPU
		{CBAAC364-5DDD-40CA-ACED-9260E6EDAAC0}.Release|Any CPU.Build.0 = Release|Any CPU
	EndGlobalSection
	GlobalSection(SolutionProperties) = preSolution
		HideSolutionNode = FALSE
	EndGlobalSection
EndGlobal
